
Microsoft Visual Studio Solution File, Format Version 12.00
# Visual Studio Version 17
VisualStudioVersion = 17.6.33723.286
MinimumVisualStudioVersion = 10.0.40219.1
Project("{9A19103F-16F7-4668-BE54-9A1E7A4F7556}") = "ApiFacade", "ApiFacade\ApiFacade.csproj", "{2B1020D5-83FE-4034-BA05-2525CB78D8B9}"
EndProject
Project("{9A19103F-16F7-4668-BE54-9A1E7A4F7556}") = "ApiFacade.UnitTests", "ApiFacade.UnitTests\ApiFacade.UnitTests.csproj", "{B50AFE06-4C9B-4AA5-85B1-F795895FFC4C}"
EndProject
Project("{9A19103F-16F7-4668-BE54-9A1E7A4F7556}") = "ApiFacade.Contracts", "ApiFacade.Contracts\ApiFacade.Contracts.csproj", "{A5FAAF05-7392-4B4F-B879-B837C967DFF0}"
EndProject
Project("{2150E333-8FDC-42A3-9474-1A3956D46DE8}") = "Solution Items", "Solution Items", "{A2501BF1-8090-4A9F-8D1F-FB6269DC65D6}"
EndProject
Project("{9A19103F-16F7-4668-BE54-9A1E7A4F7556}") = "LocalizationManager", "LocalizationManager\LocalizationManager.csproj", "{27C8047B-C1CE-4ECC-B734-BAA028F7EE8E}"
EndProject
Project("{9A19103F-16F7-4668-BE54-9A1E7A4F7556}") = "LocalizationManager.PostgreSql", "LocalizationManager.PostgreSql\LocalizationManager.PostgreSql.csproj", "{C00675C0-0252-4B64-9B5C-C9F4397DC6F6}"
EndProject
Project("{9A19103F-16F7-4668-BE54-9A1E7A4F7556}") = "LocalizationManager.UnitTests", "LocalizationManager.UnitTests\LocalizationManager.UnitTests.csproj", "{147E6BD3-6500-45CC-ADBD-008FBF3B43A9}"
EndProject
Project("{9A19103F-16F7-4668-BE54-9A1E7A4F7556}") = "LocalizationManager.PostgreSql.UnitTests", "LocalizationManager.PostgreSql.UnitTests\LocalizationManager.PostgreSql.UnitTests.csproj", "{4928FA8C-DD28-41FB-A650-F539B98A77DD}"
EndProject
Global
	GlobalSection(SolutionConfigurationPlatforms) = preSolution
		Debug|Any CPU = Debug|Any CPU
		Release|Any CPU = Release|Any CPU
	EndGlobalSection
	GlobalSection(ProjectConfigurationPlatforms) = postSolution
		{2B1020D5-83FE-4034-BA05-2525CB78D8B9}.Debug|Any CPU.ActiveCfg = Debug|Any CPU
		{2B1020D5-83FE-4034-BA05-2525CB78D8B9}.Debug|Any CPU.Build.0 = Debug|Any CPU
		{2B1020D5-83FE-4034-BA05-2525CB78D8B9}.Release|Any CPU.ActiveCfg = Release|Any CPU
		{2B1020D5-83FE-4034-BA05-2525CB78D8B9}.Release|Any CPU.Build.0 = Release|Any CPU
		{B50AFE06-4C9B-4AA5-85B1-F795895FFC4C}.Debug|Any CPU.ActiveCfg = Debug|Any CPU
		{B50AFE06-4C9B-4AA5-85B1-F795895FFC4C}.Debug|Any CPU.Build.0 = Debug|Any CPU
		{B50AFE06-4C9B-4AA5-85B1-F795895FFC4C}.Release|Any CPU.ActiveCfg = Release|Any CPU
		{B50AFE06-4C9B-4AA5-85B1-F795895FFC4C}.Release|Any CPU.Build.0 = Release|Any CPU
		{A5FAAF05-7392-4B4F-B879-B837C967DFF0}.Debug|Any CPU.ActiveCfg = Debug|Any CPU
		{A5FAAF05-7392-4B4F-B879-B837C967DFF0}.Debug|Any CPU.Build.0 = Debug|Any CPU
		{A5FAAF05-7392-4B4F-B879-B837C967DFF0}.Release|Any CPU.ActiveCfg = Release|Any CPU
		{A5FAAF05-7392-4B4F-B879-B837C967DFF0}.Release|Any CPU.Build.0 = Release|Any CPU
		{27C8047B-C1CE-4ECC-B734-BAA028F7EE8E}.Debug|Any CPU.ActiveCfg = Debug|Any CPU
		{27C8047B-C1CE-4ECC-B734-BAA028F7EE8E}.Debug|Any CPU.Build.0 = Debug|Any CPU
		{27C8047B-C1CE-4ECC-B734-BAA028F7EE8E}.Release|Any CPU.ActiveCfg = Release|Any CPU
		{27C8047B-C1CE-4ECC-B734-BAA028F7EE8E}.Release|Any CPU.Build.0 = Release|Any CPU
		{C00675C0-0252-4B64-9B5C-C9F4397DC6F6}.Debug|Any CPU.ActiveCfg = Debug|Any CPU
		{C00675C0-0252-4B64-9B5C-C9F4397DC6F6}.Debug|Any CPU.Build.0 = Debug|Any CPU
		{C00675C0-0252-4B64-9B5C-C9F4397DC6F6}.Release|Any CPU.ActiveCfg = Release|Any CPU
		{C00675C0-0252-4B64-9B5C-C9F4397DC6F6}.Release|Any CPU.Build.0 = Release|Any CPU
		{147E6BD3-6500-45CC-ADBD-008FBF3B43A9}.Debug|Any CPU.ActiveCfg = Debug|Any CPU
		{147E6BD3-6500-45CC-ADBD-008FBF3B43A9}.Debug|Any CPU.Build.0 = Debug|Any CPU
		{147E6BD3-6500-45CC-ADBD-008FBF3B43A9}.Release|Any CPU.ActiveCfg = Release|Any CPU
		{147E6BD3-6500-45CC-ADBD-008FBF3B43A9}.Release|Any CPU.Build.0 = Release|Any CPU
		{4928FA8C-DD28-41FB-A650-F539B98A77DD}.Debug|Any CPU.ActiveCfg = Debug|Any CPU
		{4928FA8C-DD28-41FB-A650-F539B98A77DD}.Debug|Any CPU.Build.0 = Debug|Any CPU
		{4928FA8C-DD28-41FB-A650-F539B98A77DD}.Release|Any CPU.ActiveCfg = Release|Any CPU
		{4928FA8C-DD28-41FB-A650-F539B98A77DD}.Release|Any CPU.Build.0 = Release|Any CPU
	EndGlobalSection
	GlobalSection(SolutionProperties) = preSolution
		HideSolutionNode = FALSE
	EndGlobalSection
	GlobalSection(ExtensibilityGlobals) = postSolution
		SolutionGuid = {0CB6911B-95C8-478A-A56F-D83A7BD6A7FF}
	EndGlobalSection
EndGlobal
